
Microsoft Visual Studio Solution File, Format Version 10.00
# Visual Studio 2008
Project("{8BC9CEB8-8B4A-11D0-8D11-00A0C91BC942}") = "CG_task9", "CG_task9\CG_task9.vcproj", "{68BC210D-9CE3-406F-82A5-F128DC2796E1}"
EndProject
Global
	GlobalSection(SolutionConfigurationPlatforms) = preSolution
		Debug|Win32 = Debug|Win32
		Release|Win32 = Release|Win32
	EndGlobalSection
	GlobalSection(ProjectConfigurationPlatforms) = postSolution
		{68BC210D-9CE3-406F-82A5-F128DC2796E1}.Debug|Win32.ActiveCfg = Debug|Win32
		{68BC210D-9CE3-406F-82A5-F128DC2796E1}.Debug|Win32.Build.0 = Debug|Win32
		{68BC210D-9CE3-406F-82A5-F128DC2796E1}.Release|Win32.ActiveCfg = Release|Win32
		{68BC210D-9CE3-406F-82A5-F128DC2796E1}.Release|Win32.Build.0 = Release|Win32
	EndGlobalSection
	GlobalSection(SolutionProperties) = preSolution
		HideSolutionNode = FALSE
	EndGlobalSection
EndGlobal
